
Microsoft Visual Studio Solution File, Format Version 11.00
# Visual Studio 2010
Project("{FAE04EC0-301F-11D3-BF4B-00C04F79EFBC}") = "Infinnite Jump", "Assembly-CSharp.csproj", "{5DA9B29F-E6CC-8883-3F25-E2BDDB393384}"
EndProject
Project("{FAE04EC0-301F-11D3-BF4B-00C04F79EFBC}") = "Infinnite Jump", "Assembly-CSharp-Editor.csproj", "{44B6938A-9B39-5D6A-80F6-81AFAD9508E5}"
EndProject
Global
	GlobalSection(SolutionConfigurationPlatforms) = preSolution
		Debug|Any CPU = Debug|Any CPU
		Release|Any CPU = Release|Any CPU
	EndGlobalSection
	GlobalSection(ProjectConfigurationPlatforms) = postSolution
		{5DA9B29F-E6CC-8883-3F25-E2BDDB393384}.Debug|Any CPU.ActiveCfg = Debug|Any CPU
		{5DA9B29F-E6CC-8883-3F25-E2BDDB393384}.Debug|Any CPU.Build.0 = Debug|Any CPU
		{5DA9B29F-E6CC-8883-3F25-E2BDDB393384}.Release|Any CPU.ActiveCfg = Release|Any CPU
		{5DA9B29F-E6CC-8883-3F25-E2BDDB393384}.Release|Any CPU.Build.0 = Release|Any CPU
		{44B6938A-9B39-5D6A-80F6-81AFAD9508E5}.Debug|Any CPU.ActiveCfg = Debug|Any CPU
		{44B6938A-9B39-5D6A-80F6-81AFAD9508E5}.Debug|Any CPU.Build.0 = Debug|Any CPU
		{44B6938A-9B39-5D6A-80F6-81AFAD9508E5}.Release|Any CPU.ActiveCfg = Release|Any CPU
		{44B6938A-9B39-5D6A-80F6-81AFAD9508E5}.Release|Any CPU.Build.0 = Release|Any CPU
	EndGlobalSection
	GlobalSection(SolutionProperties) = preSolution
		HideSolutionNode = FALSE
	EndGlobalSection
	GlobalSection(MonoDevelopProperties) = preSolution
		StartupItem = Assembly-CSharp.csproj
	EndGlobalSection
EndGlobal
